
Microsoft Visual Studio Solution File, Format Version 12.00
# Visual Studio Version 16
VisualStudioVersion = 16.0.30413.136
MinimumVisualStudioVersion = 10.0.40219.1
Project("{FAE04EC0-301F-11D3-BF4B-00C04F79EFBC}") = "Boxing", "Boxing\Boxing.csproj", "{5835ECB7-2D42-4355-8F28-B3F658D9C229}"
EndProject
Global
	GlobalSection(SolutionConfigurationPlatforms) = preSolution
		Debug|Any CPU = Debug|Any CPU
		Release|Any CPU = Release|Any CPU
	EndGlobalSection
	GlobalSection(ProjectConfigurationPlatforms) = postSolution
		{5835ECB7-2D42-4355-8F28-B3F658D9C229}.Debug|Any CPU.ActiveCfg = Debug|Any CPU
		{5835ECB7-2D42-4355-8F28-B3F658D9C229}.Debug|Any CPU.Build.0 = Debug|Any CPU
		{5835ECB7-2D42-4355-8F28-B3F658D9C229}.Release|Any CPU.ActiveCfg = Release|Any CPU
		{5835ECB7-2D42-4355-8F28-B3F658D9C229}.Release|Any CPU.Build.0 = Release|Any CPU
	EndGlobalSection
	GlobalSection(SolutionProperties) = preSolution
		HideSolutionNode = FALSE
	EndGlobalSection
	GlobalSection(ExtensibilityGlobals) = postSolution
		SolutionGuid = {843E0563-516C-4B4B-8C5E-12BBB3621285}
	EndGlobalSection
EndGlobal
