
Microsoft Visual Studio Solution File, Format Version 12.00
# Visual Studio Version 16
VisualStudioVersion = 16.0.30413.136
MinimumVisualStudioVersion = 10.0.40219.1
Project("{FAE04EC0-301F-11D3-BF4B-00C04F79EFBC}") = "reverseArray", "reverseArray\reverseArray.csproj", "{CD393E48-2ABE-461C-BF2B-F1405353AFAE}"
EndProject
Global
	GlobalSection(SolutionConfigurationPlatforms) = preSolution
		Debug|Any CPU = Debug|Any CPU
		Release|Any CPU = Release|Any CPU
	EndGlobalSection
	GlobalSection(ProjectConfigurationPlatforms) = postSolution
		{CD393E48-2ABE-461C-BF2B-F1405353AFAE}.Debug|Any CPU.ActiveCfg = Debug|Any CPU
		{CD393E48-2ABE-461C-BF2B-F1405353AFAE}.Debug|Any CPU.Build.0 = Debug|Any CPU
		{CD393E48-2ABE-461C-BF2B-F1405353AFAE}.Release|Any CPU.ActiveCfg = Release|Any CPU
		{CD393E48-2ABE-461C-BF2B-F1405353AFAE}.Release|Any CPU.Build.0 = Release|Any CPU
	EndGlobalSection
	GlobalSection(SolutionProperties) = preSolution
		HideSolutionNode = FALSE
	EndGlobalSection
	GlobalSection(ExtensibilityGlobals) = postSolution
		SolutionGuid = {B8A1F527-AC8F-49B3-B047-B5D18CEFC753}
	EndGlobalSection
EndGlobal
